// !$*UTF8*$!
{
	archiveVersion = 1;
	classes = {
	};
	objectVersion = 46;
	objects = {

/* Begin PBXBuildFile section */
		50A04EB3387CDAC74B3AF55A /* Pods_tests.framework in Frameworks */ = {isa = PBXBuildFile; fileRef = FB6963E45E19D583042B70BE /* Pods_tests.framework */; };
		A000A6881CBCF8D100BBB8DD /* Lesson2.swift in Sources */ = {isa = PBXBuildFile; fileRef = A000A6871CBCF8D100BBB8DD /* Lesson2.swift */; };
		A000A6891CBCF8D100BBB8DD /* Lesson2.swift in Sources */ = {isa = PBXBuildFile; fileRef = A000A6871CBCF8D100BBB8DD /* Lesson2.swift */; };
		A00C60771CBF9AB000E72FA8 /* Lesson4.swift in Sources */ = {isa = PBXBuildFile; fileRef = A00C60761CBF9AB000E72FA8 /* Lesson4.swift */; };
		A00C60781CBF9AB000E72FA8 /* Lesson4.swift in Sources */ = {isa = PBXBuildFile; fileRef = A00C60761CBF9AB000E72FA8 /* Lesson4.swift */; };
		A00C607A1CBF9AC500E72FA8 /* Lesson4Specs.swift in Sources */ = {isa = PBXBuildFile; fileRef = A00C60791CBF9AC500E72FA8 /* Lesson4Specs.swift */; };
		A01A0C961CC63374002B3B2F /* Lesson6.swift in Sources */ = {isa = PBXBuildFile; fileRef = A01A0C951CC63374002B3B2F /* Lesson6.swift */; };
		A01A0C971CC63374002B3B2F /* Lesson6.swift in Sources */ = {isa = PBXBuildFile; fileRef = A01A0C951CC63374002B3B2F /* Lesson6.swift */; };
		A01A0C991CC63381002B3B2F /* Lesson6Sepcs.swift in Sources */ = {isa = PBXBuildFile; fileRef = A01A0C981CC63381002B3B2F /* Lesson6Sepcs.swift */; };
		A01B4CE61CBE364800931529 /* Lesson3.swift in Sources */ = {isa = PBXBuildFile; fileRef = A01B4CE51CBE364800931529 /* Lesson3.swift */; };
		A01B4CE71CBE364800931529 /* Lesson3.swift in Sources */ = {isa = PBXBuildFile; fileRef = A01B4CE51CBE364800931529 /* Lesson3.swift */; };
		A01B4CE91CBE368D00931529 /* Lesson3Specs.swift in Sources */ = {isa = PBXBuildFile; fileRef = A01B4CE81CBE368D00931529 /* Lesson3Specs.swift */; };
		A01C6B1E1CBBABE800586A11 /* AppDelegate.swift in Sources */ = {isa = PBXBuildFile; fileRef = A01C6B1D1CBBABE800586A11 /* AppDelegate.swift */; };
		A020D4171CE0961500A1117D /* Lesson11.swift in Sources */ = {isa = PBXBuildFile; fileRef = A020D4161CE0961500A1117D /* Lesson11.swift */; };
		A020D4181CE0961500A1117D /* Lesson11.swift in Sources */ = {isa = PBXBuildFile; fileRef = A020D4161CE0961500A1117D /* Lesson11.swift */; };
		A020D41A1CE0962500A1117D /* Lesson11Specs.swift in Sources */ = {isa = PBXBuildFile; fileRef = A020D4191CE0962500A1117D /* Lesson11Specs.swift */; };
		A020D41C1CE0AF7900A1117D /* Lesson12.swift in Sources */ = {isa = PBXBuildFile; fileRef = A020D41B1CE0AF7900A1117D /* Lesson12.swift */; };
		A020D41D1CE0AF7900A1117D /* Lesson12.swift in Sources */ = {isa = PBXBuildFile; fileRef = A020D41B1CE0AF7900A1117D /* Lesson12.swift */; };
		A020D41F1CE0AF8300A1117D /* Lesson12Specs.swift in Sources */ = {isa = PBXBuildFile; fileRef = A020D41E1CE0AF8300A1117D /* Lesson12Specs.swift */; };
		A05C45051CC7700100D47EEA /* Lesson7.swift in Sources */ = {isa = PBXBuildFile; fileRef = A05C45041CC7700100D47EEA /* Lesson7.swift */; };
		A05C45061CC7700100D47EEA /* Lesson7.swift in Sources */ = {isa = PBXBuildFile; fileRef = A05C45041CC7700100D47EEA /* Lesson7.swift */; };
		A05C45081CC7701000D47EEA /* Lesson7Specs.swift in Sources */ = {isa = PBXBuildFile; fileRef = A05C45071CC7701000D47EEA /* Lesson7Specs.swift */; };
		A06D24D91CBCFC2700F85CF9 /* Lesson2Specs.swift in Sources */ = {isa = PBXBuildFile; fileRef = A06D24D81CBCFC2700F85CF9 /* Lesson2Specs.swift */; };
		A0A91AC31CEF0FAC002C2F19 /* Lesson15.swift in Sources */ = {isa = PBXBuildFile; fileRef = A0A91AC21CEF0FAC002C2F19 /* Lesson15.swift */; };
		A0A91AC51CEF0FB9002C2F19 /* Lesson15Specs.swift in Sources */ = {isa = PBXBuildFile; fileRef = A0A91AC41CEF0FB9002C2F19 /* Lesson15Specs.swift */; };
		A0A91AC61CEF10BA002C2F19 /* Lesson15.swift in Sources */ = {isa = PBXBuildFile; fileRef = A0A91AC21CEF0FAC002C2F19 /* Lesson15.swift */; };
		A0A91AC81CEF3C3D002C2F19 /* Lesson16.swift in Sources */ = {isa = PBXBuildFile; fileRef = A0A91AC71CEF3C3D002C2F19 /* Lesson16.swift */; };
		A0A91AC91CEF3C3D002C2F19 /* Lesson16.swift in Sources */ = {isa = PBXBuildFile; fileRef = A0A91AC71CEF3C3D002C2F19 /* Lesson16.swift */; };
		A0A91ACB1CEF3C4A002C2F19 /* Lesson16Specs.swift in Sources */ = {isa = PBXBuildFile; fileRef = A0A91ACA1CEF3C4A002C2F19 /* Lesson16Specs.swift */; };
		A0C897CD1CC0E86000E8B0A0 /* Lesson5.swift in Sources */ = {isa = PBXBuildFile; fileRef = A0C897CC1CC0E86000E8B0A0 /* Lesson5.swift */; };
		A0C897CE1CC0E86000E8B0A0 /* Lesson5.swift in Sources */ = {isa = PBXBuildFile; fileRef = A0C897CC1CC0E86000E8B0A0 /* Lesson5.swift */; };
		A0C897D01CC0E86E00E8B0A0 /* Lesson5Specs.swift in Sources */ = {isa = PBXBuildFile; fileRef = A0C897CF1CC0E86E00E8B0A0 /* Lesson5Specs.swift */; };
		A0DE140C1CC8BC4A00FDCC0F /* Lesson8.swift in Sources */ = {isa = PBXBuildFile; fileRef = A0DE140B1CC8BC4A00FDCC0F /* Lesson8.swift */; };
		A0DE140D1CC8BC4A00FDCC0F /* Lesson8.swift in Sources */ = {isa = PBXBuildFile; fileRef = A0DE140B1CC8BC4A00FDCC0F /* Lesson8.swift */; };
		A0DE140F1CC8BC6100FDCC0F /* Lesson8Specs.swift in Sources */ = {isa = PBXBuildFile; fileRef = A0DE140E1CC8BC6100FDCC0F /* Lesson8Specs.swift */; };
		A0DE14111CC8CF0B00FDCC0F /* Lesson9.swift in Sources */ = {isa = PBXBuildFile; fileRef = A0DE14101CC8CF0B00FDCC0F /* Lesson9.swift */; };
		A0DE14121CC8CF0B00FDCC0F /* Lesson9.swift in Sources */ = {isa = PBXBuildFile; fileRef = A0DE14101CC8CF0B00FDCC0F /* Lesson9.swift */; };
		A0DE14141CC8CF1800FDCC0F /* Lesson9Specs.swift in Sources */ = {isa = PBXBuildFile; fileRef = A0DE14131CC8CF1800FDCC0F /* Lesson9Specs.swift */; };
		A0DEF1DD1CBBCD5B0095D917 /* Lesson1Specs.swift in Sources */ = {isa = PBXBuildFile; fileRef = A0DEF1DC1CBBCD5B0095D917 /* Lesson1Specs.swift */; };
		A0DEF1DF1CBBCD6C0095D917 /* Lesson1.swift in Sources */ = {isa = PBXBuildFile; fileRef = A0DEF1DE1CBBCD6C0095D917 /* Lesson1.swift */; };
		A0DEF1E01CBBCD6C0095D917 /* Lesson1.swift in Sources */ = {isa = PBXBuildFile; fileRef = A0DEF1DE1CBBCD6C0095D917 /* Lesson1.swift */; };
		A0F542261CD9E79A001639AF /* Lesson10.swift in Sources */ = {isa = PBXBuildFile; fileRef = A0F542251CD9E79A001639AF /* Lesson10.swift */; };
		A0F542271CD9E79A001639AF /* Lesson10.swift in Sources */ = {isa = PBXBuildFile; fileRef = A0F542251CD9E79A001639AF /* Lesson10.swift */; };
		A0F542291CD9E7AD001639AF /* Lesson10Specs.swift in Sources */ = {isa = PBXBuildFile; fileRef = A0F542281CD9E7AD001639AF /* Lesson10Specs.swift */; };
/* End PBXBuildFile section */

/* Begin PBXContainerItemProxy section */
		A01C6B381CBBB88300586A11 /* PBXContainerItemProxy */ = {
			isa = PBXContainerItemProxy;
			containerPortal = A01C6B121CBBABE800586A11 /* Project object */;
			proxyType = 1;
			remoteGlobalIDString = A01C6B191CBBABE800586A11;
			remoteInfo = "codility-lessons";
		};
/* End PBXContainerItemProxy section */

/* Begin PBXFileReference section */
		5E951E87D1A3AB50CB495096 /* Pods-tests.debug.xcconfig */ = {isa = PBXFileReference; includeInIndex = 1; lastKnownFileType = text.xcconfig; name = "Pods-tests.debug.xcconfig"; path = "Pods/Target Support Files/Pods-tests/Pods-tests.debug.xcconfig"; sourceTree = "<group>"; };
		A000A6871CBCF8D100BBB8DD /* Lesson2.swift */ = {isa = PBXFileReference; fileEncoding = 4; lastKnownFileType = sourcecode.swift; path = Lesson2.swift; sourceTree = "<group>"; };
		A00C60761CBF9AB000E72FA8 /* Lesson4.swift */ = {isa = PBXFileReference; fileEncoding = 4; lastKnownFileType = sourcecode.swift; path = Lesson4.swift; sourceTree = "<group>"; };
		A00C60791CBF9AC500E72FA8 /* Lesson4Specs.swift */ = {isa = PBXFileReference; fileEncoding = 4; lastKnownFileType = sourcecode.swift; path = Lesson4Specs.swift; sourceTree = "<group>"; };
		A01A0C951CC63374002B3B2F /* Lesson6.swift */ = {isa = PBXFileReference; fileEncoding = 4; lastKnownFileType = sourcecode.swift; path = Lesson6.swift; sourceTree = "<group>"; };
		A01A0C981CC63381002B3B2F /* Lesson6Sepcs.swift */ = {isa = PBXFileReference; fileEncoding = 4; lastKnownFileType = sourcecode.swift; path = Lesson6Sepcs.swift; sourceTree = "<group>"; };
		A01B4CE51CBE364800931529 /* Lesson3.swift */ = {isa = PBXFileReference; fileEncoding = 4; lastKnownFileType = sourcecode.swift; path = Lesson3.swift; sourceTree = "<group>"; };
		A01B4CE81CBE368D00931529 /* Lesson3Specs.swift */ = {isa = PBXFileReference; fileEncoding = 4; lastKnownFileType = sourcecode.swift; path = Lesson3Specs.swift; sourceTree = "<group>"; };
		A01C6B1A1CBBABE800586A11 /* codility-lessons.app */ = {isa = PBXFileReference; explicitFileType = wrapper.application; includeInIndex = 0; path = "codility-lessons.app"; sourceTree = BUILT_PRODUCTS_DIR; };
		A01C6B1D1CBBABE800586A11 /* AppDelegate.swift */ = {isa = PBXFileReference; lastKnownFileType = sourcecode.swift; path = AppDelegate.swift; sourceTree = "<group>"; };
		A01C6B291CBBABE800586A11 /* Info.plist */ = {isa = PBXFileReference; lastKnownFileType = text.plist.xml; path = Info.plist; sourceTree = "<group>"; };
		A01C6B331CBBB88300586A11 /* tests.xctest */ = {isa = PBXFileReference; explicitFileType = wrapper.cfbundle; includeInIndex = 0; path = tests.xctest; sourceTree = BUILT_PRODUCTS_DIR; };
		A01C6B371CBBB88300586A11 /* Info.plist */ = {isa = PBXFileReference; lastKnownFileType = text.plist.xml; path = Info.plist; sourceTree = "<group>"; };
		A020D4161CE0961500A1117D /* Lesson11.swift */ = {isa = PBXFileReference; fileEncoding = 4; lastKnownFileType = sourcecode.swift; path = Lesson11.swift; sourceTree = "<group>"; };
		A020D4191CE0962500A1117D /* Lesson11Specs.swift */ = {isa = PBXFileReference; fileEncoding = 4; lastKnownFileType = sourcecode.swift; path = Lesson11Specs.swift; sourceTree = "<group>"; };
		A020D41B1CE0AF7900A1117D /* Lesson12.swift */ = {isa = PBXFileReference; fileEncoding = 4; lastKnownFileType = sourcecode.swift; path = Lesson12.swift; sourceTree = "<group>"; };
		A020D41E1CE0AF8300A1117D /* Lesson12Specs.swift */ = {isa = PBXFileReference; fileEncoding = 4; lastKnownFileType = sourcecode.swift; path = Lesson12Specs.swift; sourceTree = "<group>"; };
		A05C45041CC7700100D47EEA /* Lesson7.swift */ = {isa = PBXFileReference; fileEncoding = 4; lastKnownFileType = sourcecode.swift; path = Lesson7.swift; sourceTree = "<group>"; };
		A05C45071CC7701000D47EEA /* Lesson7Specs.swift */ = {isa = PBXFileReference; fileEncoding = 4; lastKnownFileType = sourcecode.swift; path = Lesson7Specs.swift; sourceTree = "<group>"; };
		A06D24D81CBCFC2700F85CF9 /* Lesson2Specs.swift */ = {isa = PBXFileReference; fileEncoding = 4; lastKnownFileType = sourcecode.swift; path = Lesson2Specs.swift; sourceTree = "<group>"; };
		A0A91AC21CEF0FAC002C2F19 /* Lesson15.swift */ = {isa = PBXFileReference; fileEncoding = 4; lastKnownFileType = sourcecode.swift; path = Lesson15.swift; sourceTree = "<group>"; };
		A0A91AC41CEF0FB9002C2F19 /* Lesson15Specs.swift */ = {isa = PBXFileReference; fileEncoding = 4; lastKnownFileType = sourcecode.swift; path = Lesson15Specs.swift; sourceTree = "<group>"; };
		A0A91AC71CEF3C3D002C2F19 /* Lesson16.swift */ = {isa = PBXFileReference; fileEncoding = 4; lastKnownFileType = sourcecode.swift; path = Lesson16.swift; sourceTree = "<group>"; };
		A0A91ACA1CEF3C4A002C2F19 /* Lesson16Specs.swift */ = {isa = PBXFileReference; fileEncoding = 4; lastKnownFileType = sourcecode.swift; path = Lesson16Specs.swift; sourceTree = "<group>"; };
		A0C897CC1CC0E86000E8B0A0 /* Lesson5.swift */ = {isa = PBXFileReference; fileEncoding = 4; lastKnownFileType = sourcecode.swift; path = Lesson5.swift; sourceTree = "<group>"; };
		A0C897CF1CC0E86E00E8B0A0 /* Lesson5Specs.swift */ = {isa = PBXFileReference; fileEncoding = 4; lastKnownFileType = sourcecode.swift; path = Lesson5Specs.swift; sourceTree = "<group>"; };
		A0DE140B1CC8BC4A00FDCC0F /* Lesson8.swift */ = {isa = PBXFileReference; fileEncoding = 4; lastKnownFileType = sourcecode.swift; path = Lesson8.swift; sourceTree = "<group>"; };
		A0DE140E1CC8BC6100FDCC0F /* Lesson8Specs.swift */ = {isa = PBXFileReference; fileEncoding = 4; lastKnownFileType = sourcecode.swift; path = Lesson8Specs.swift; sourceTree = "<group>"; };
		A0DE14101CC8CF0B00FDCC0F /* Lesson9.swift */ = {isa = PBXFileReference; fileEncoding = 4; lastKnownFileType = sourcecode.swift; path = Lesson9.swift; sourceTree = "<group>"; };
		A0DE14131CC8CF1800FDCC0F /* Lesson9Specs.swift */ = {isa = PBXFileReference; fileEncoding = 4; lastKnownFileType = sourcecode.swift; path = Lesson9Specs.swift; sourceTree = "<group>"; };
		A0DEF1DC1CBBCD5B0095D917 /* Lesson1Specs.swift */ = {isa = PBXFileReference; fileEncoding = 4; lastKnownFileType = sourcecode.swift; path = Lesson1Specs.swift; sourceTree = "<group>"; };
		A0DEF1DE1CBBCD6C0095D917 /* Lesson1.swift */ = {isa = PBXFileReference; fileEncoding = 4; lastKnownFileType = sourcecode.swift; path = Lesson1.swift; sourceTree = "<group>"; };
		A0F542251CD9E79A001639AF /* Lesson10.swift */ = {isa = PBXFileReference; fileEncoding = 4; lastKnownFileType = sourcecode.swift; path = Lesson10.swift; sourceTree = "<group>"; };
		A0F542281CD9E7AD001639AF /* Lesson10Specs.swift */ = {isa = PBXFileReference; fileEncoding = 4; lastKnownFileType = sourcecode.swift; path = Lesson10Specs.swift; sourceTree = "<group>"; };
		AFF7D470065F137FC611370A /* Pods-tests.release.xcconfig */ = {isa = PBXFileReference; includeInIndex = 1; lastKnownFileType = text.xcconfig; name = "Pods-tests.release.xcconfig"; path = "Pods/Target Support Files/Pods-tests/Pods-tests.release.xcconfig"; sourceTree = "<group>"; };
		FB6963E45E19D583042B70BE /* Pods_tests.framework */ = {isa = PBXFileReference; explicitFileType = wrapper.framework; includeInIndex = 0; path = Pods_tests.framework; sourceTree = BUILT_PRODUCTS_DIR; };
/* End PBXFileReference section */

/* Begin PBXFrameworksBuildPhase section */
		A01C6B171CBBABE800586A11 /* Frameworks */ = {
			isa = PBXFrameworksBuildPhase;
			buildActionMask = 2147483647;
			files = (
			);
			runOnlyForDeploymentPostprocessing = 0;
		};
		A01C6B301CBBB88300586A11 /* Frameworks */ = {
			isa = PBXFrameworksBuildPhase;
			buildActionMask = 2147483647;
			files = (
				50A04EB3387CDAC74B3AF55A /* Pods_tests.framework in Frameworks */,
			);
			runOnlyForDeploymentPostprocessing = 0;
		};
/* End PBXFrameworksBuildPhase section */

/* Begin PBXGroup section */
		75BF33210F790CA7ABDA8CFA /* Frameworks */ = {
			isa = PBXGroup;
			children = (
				FB6963E45E19D583042B70BE /* Pods_tests.framework */,
			);
			name = Frameworks;
			sourceTree = "<group>";
		};
		A01C6B111CBBABE800586A11 = {
			isa = PBXGroup;
			children = (
				A01C6B1C1CBBABE800586A11 /* codility-lessons */,
				A01C6B341CBBB88300586A11 /* tests */,
				A01C6B1B1CBBABE800586A11 /* Products */,
				A3515399A6C2DD6BD6BB70ED /* Pods */,
				75BF33210F790CA7ABDA8CFA /* Frameworks */,
			);
			sourceTree = "<group>";
		};
		A01C6B1B1CBBABE800586A11 /* Products */ = {
			isa = PBXGroup;
			children = (
				A01C6B1A1CBBABE800586A11 /* codility-lessons.app */,
				A01C6B331CBBB88300586A11 /* tests.xctest */,
			);
			name = Products;
			sourceTree = "<group>";
		};
		A01C6B1C1CBBABE800586A11 /* codility-lessons */ = {
			isa = PBXGroup;
			children = (
				A01C6B1D1CBBABE800586A11 /* AppDelegate.swift */,
				A01C6B291CBBABE800586A11 /* Info.plist */,
				A0DEF1DE1CBBCD6C0095D917 /* Lesson1.swift */,
				A000A6871CBCF8D100BBB8DD /* Lesson2.swift */,
				A01B4CE51CBE364800931529 /* Lesson3.swift */,
				A00C60761CBF9AB000E72FA8 /* Lesson4.swift */,
				A0C897CC1CC0E86000E8B0A0 /* Lesson5.swift */,
				A01A0C951CC63374002B3B2F /* Lesson6.swift */,
				A05C45041CC7700100D47EEA /* Lesson7.swift */,
				A0DE140B1CC8BC4A00FDCC0F /* Lesson8.swift */,
				A0DE14101CC8CF0B00FDCC0F /* Lesson9.swift */,
				A0F542251CD9E79A001639AF /* Lesson10.swift */,
				A020D4161CE0961500A1117D /* Lesson11.swift */,
				A020D41B1CE0AF7900A1117D /* Lesson12.swift */,
				A0A91AC21CEF0FAC002C2F19 /* Lesson15.swift */,
				A0A91AC71CEF3C3D002C2F19 /* Lesson16.swift */,
			);
			path = "codility-lessons";
			sourceTree = "<group>";
		};
		A01C6B341CBBB88300586A11 /* tests */ = {
			isa = PBXGroup;
			children = (
				A01C6B371CBBB88300586A11 /* Info.plist */,
				A0DEF1DC1CBBCD5B0095D917 /* Lesson1Specs.swift */,
				A06D24D81CBCFC2700F85CF9 /* Lesson2Specs.swift */,
				A01B4CE81CBE368D00931529 /* Lesson3Specs.swift */,
				A00C60791CBF9AC500E72FA8 /* Lesson4Specs.swift */,
				A0C897CF1CC0E86E00E8B0A0 /* Lesson5Specs.swift */,
				A01A0C981CC63381002B3B2F /* Lesson6Sepcs.swift */,
				A05C45071CC7701000D47EEA /* Lesson7Specs.swift */,
				A0DE140E1CC8BC6100FDCC0F /* Lesson8Specs.swift */,
				A0DE14131CC8CF1800FDCC0F /* Lesson9Specs.swift */,
				A0F542281CD9E7AD001639AF /* Lesson10Specs.swift */,
				A020D4191CE0962500A1117D /* Lesson11Specs.swift */,
				A020D41E1CE0AF8300A1117D /* Lesson12Specs.swift */,
				A0A91AC41CEF0FB9002C2F19 /* Lesson15Specs.swift */,
				A0A91ACA1CEF3C4A002C2F19 /* Lesson16Specs.swift */,
			);
			path = tests;
			sourceTree = "<group>";
		};
		A3515399A6C2DD6BD6BB70ED /* Pods */ = {
			isa = PBXGroup;
			children = (
				5E951E87D1A3AB50CB495096 /* Pods-tests.debug.xcconfig */,
				AFF7D470065F137FC611370A /* Pods-tests.release.xcconfig */,
			);
			name = Pods;
			sourceTree = "<group>";
		};
/* End PBXGroup section */

/* Begin PBXNativeTarget section */
		A01C6B191CBBABE800586A11 /* codility-lessons */ = {
			isa = PBXNativeTarget;
			buildConfigurationList = A01C6B2C1CBBABE800586A11 /* Build configuration list for PBXNativeTarget "codility-lessons" */;
			buildPhases = (
				A01C6B161CBBABE800586A11 /* Sources */,
				A01C6B171CBBABE800586A11 /* Frameworks */,
				A01C6B181CBBABE800586A11 /* Resources */,
			);
			buildRules = (
			);
			dependencies = (
			);
			name = "codility-lessons";
			productName = "codility-lessons";
			productReference = A01C6B1A1CBBABE800586A11 /* codility-lessons.app */;
			productType = "com.apple.product-type.application";
		};
		A01C6B321CBBB88300586A11 /* tests */ = {
			isa = PBXNativeTarget;
			buildConfigurationList = A01C6B3A1CBBB88300586A11 /* Build configuration list for PBXNativeTarget "tests" */;
			buildPhases = (
				B320D9E4F0FDAF8E5699AE9F /* Check Pods Manifest.lock */,
				A01C6B2F1CBBB88300586A11 /* Sources */,
				A01C6B301CBBB88300586A11 /* Frameworks */,
				A01C6B311CBBB88300586A11 /* Resources */,
				4C395F07B0641266BBB40DB3 /* Embed Pods Frameworks */,
				295DE9AB2E4205D1C3B04230 /* Copy Pods Resources */,
			);
			buildRules = (
			);
			dependencies = (
				A01C6B391CBBB88300586A11 /* PBXTargetDependency */,
			);
			name = tests;
			productName = tests;
			productReference = A01C6B331CBBB88300586A11 /* tests.xctest */;
			productType = "com.apple.product-type.bundle.unit-test";
		};
/* End PBXNativeTarget section */

/* Begin PBXProject section */
		A01C6B121CBBABE800586A11 /* Project object */ = {
			isa = PBXProject;
			attributes = {
				LastSwiftUpdateCheck = 0730;
				LastUpgradeCheck = 0730;
				ORGANIZATIONNAME = "Mario Pavlovic";
				TargetAttributes = {
					A01C6B191CBBABE800586A11 = {
						CreatedOnToolsVersion = 7.3;
					};
					A01C6B321CBBB88300586A11 = {
						CreatedOnToolsVersion = 7.3;
						TestTargetID = A01C6B191CBBABE800586A11;
					};
				};
			};
			buildConfigurationList = A01C6B151CBBABE800586A11 /* Build configuration list for PBXProject "codility-lessons" */;
			compatibilityVersion = "Xcode 3.2";
			developmentRegion = English;
			hasScannedForEncodings = 0;
			knownRegions = (
				en,
				Base,
			);
			mainGroup = A01C6B111CBBABE800586A11;
			productRefGroup = A01C6B1B1CBBABE800586A11 /* Products */;
			projectDirPath = "";
			projectRoot = "";
			targets = (
				A01C6B191CBBABE800586A11 /* codility-lessons */,
				A01C6B321CBBB88300586A11 /* tests */,
			);
		};
/* End PBXProject section */

/* Begin PBXResourcesBuildPhase section */
		A01C6B181CBBABE800586A11 /* Resources */ = {
			isa = PBXResourcesBuildPhase;
			buildActionMask = 2147483647;
			files = (
			);
			runOnlyForDeploymentPostprocessing = 0;
		};
		A01C6B311CBBB88300586A11 /* Resources */ = {
			isa = PBXResourcesBuildPhase;
			buildActionMask = 2147483647;
			files = (
			);
			runOnlyForDeploymentPostprocessing = 0;
		};
/* End PBXResourcesBuildPhase section */

/* Begin PBXShellScriptBuildPhase section */
		295DE9AB2E4205D1C3B04230 /* Copy Pods Resources */ = {
			isa = PBXShellScriptBuildPhase;
			buildActionMask = 2147483647;
			files = (
			);
			inputPaths = (
			);
			name = "Copy Pods Resources";
			outputPaths = (
			);
			runOnlyForDeploymentPostprocessing = 0;
			shellPath = /bin/sh;
			shellScript = "\"${SRCROOT}/Pods/Target Support Files/Pods-tests/Pods-tests-resources.sh\"\n";
			showEnvVarsInLog = 0;
		};
		4C395F07B0641266BBB40DB3 /* Embed Pods Frameworks */ = {
			isa = PBXShellScriptBuildPhase;
			buildActionMask = 2147483647;
			files = (
			);
			inputPaths = (
			);
			name = "Embed Pods Frameworks";
			outputPaths = (
			);
			runOnlyForDeploymentPostprocessing = 0;
			shellPath = /bin/sh;
			shellScript = "\"${SRCROOT}/Pods/Target Support Files/Pods-tests/Pods-tests-frameworks.sh\"\n";
			showEnvVarsInLog = 0;
		};
		B320D9E4F0FDAF8E5699AE9F /* Check Pods Manifest.lock */ = {
			isa = PBXShellScriptBuildPhase;
			buildActionMask = 2147483647;
			files = (
			);
			inputPaths = (
			);
			name = "Check Pods Manifest.lock";
			outputPaths = (
			);
			runOnlyForDeploymentPostprocessing = 0;
			shellPath = /bin/sh;
			shellScript = "diff \"${PODS_ROOT}/../Podfile.lock\" \"${PODS_ROOT}/Manifest.lock\" > /dev/null\nif [[ $? != 0 ]] ; then\n    cat << EOM\nerror: The sandbox is not in sync with the Podfile.lock. Run 'pod install' or update your CocoaPods installation.\nEOM\n    exit 1\nfi\n";
			showEnvVarsInLog = 0;
		};
/* End PBXShellScriptBuildPhase section */

/* Begin PBXSourcesBuildPhase section */
		A01C6B161CBBABE800586A11 /* Sources */ = {
			isa = PBXSourcesBuildPhase;
			buildActionMask = 2147483647;
			files = (
				A0DE140C1CC8BC4A00FDCC0F /* Lesson8.swift in Sources */,
				A0DE14111CC8CF0B00FDCC0F /* Lesson9.swift in Sources */,
				A01A0C961CC63374002B3B2F /* Lesson6.swift in Sources */,
				A020D4171CE0961500A1117D /* Lesson11.swift in Sources */,
				A000A6881CBCF8D100BBB8DD /* Lesson2.swift in Sources */,
				A020D41C1CE0AF7900A1117D /* Lesson12.swift in Sources */,
				A00C60771CBF9AB000E72FA8 /* Lesson4.swift in Sources */,
				A05C45051CC7700100D47EEA /* Lesson7.swift in Sources */,
				A0F542261CD9E79A001639AF /* Lesson10.swift in Sources */,
				A01C6B1E1CBBABE800586A11 /* AppDelegate.swift in Sources */,
				A0C897CD1CC0E86000E8B0A0 /* Lesson5.swift in Sources */,
				A0DEF1DF1CBBCD6C0095D917 /* Lesson1.swift in Sources */,
				A0A91AC81CEF3C3D002C2F19 /* Lesson16.swift in Sources */,
				A01B4CE61CBE364800931529 /* Lesson3.swift in Sources */,
				A0A91AC31CEF0FAC002C2F19 /* Lesson15.swift in Sources */,
			);
			runOnlyForDeploymentPostprocessing = 0;
		};
		A01C6B2F1CBBB88300586A11 /* Sources */ = {
			isa = PBXSourcesBuildPhase;
			buildActionMask = 2147483647;
			files = (
				A020D41D1CE0AF7900A1117D /* Lesson12.swift in Sources */,
				A0A91AC61CEF10BA002C2F19 /* Lesson15.swift in Sources */,
				A05C45061CC7700100D47EEA /* Lesson7.swift in Sources */,
				A0A91ACB1CEF3C4A002C2F19 /* Lesson16Specs.swift in Sources */,
				A0C897CE1CC0E86000E8B0A0 /* Lesson5.swift in Sources */,
				A05C45081CC7701000D47EEA /* Lesson7Specs.swift in Sources */,
				A000A6891CBCF8D100BBB8DD /* Lesson2.swift in Sources */,
				A020D41A1CE0962500A1117D /* Lesson11Specs.swift in Sources */,
				A01A0C971CC63374002B3B2F /* Lesson6.swift in Sources */,
				A0F542291CD9E7AD001639AF /* Lesson10Specs.swift in Sources */,
				A0A91AC91CEF3C3D002C2F19 /* Lesson16.swift in Sources */,
				A01B4CE71CBE364800931529 /* Lesson3.swift in Sources */,
				A0DE14121CC8CF0B00FDCC0F /* Lesson9.swift in Sources */,
				A0DE140D1CC8BC4A00FDCC0F /* Lesson8.swift in Sources */,
				A020D41F1CE0AF8300A1117D /* Lesson12Specs.swift in Sources */,
				A0F542271CD9E79A001639AF /* Lesson10.swift in Sources */,
				A0DE140F1CC8BC6100FDCC0F /* Lesson8Specs.swift in Sources */,
				A0A91AC51CEF0FB9002C2F19 /* Lesson15Specs.swift in Sources */,
				A01B4CE91CBE368D00931529 /* Lesson3Specs.swift in Sources */,
				A020D4181CE0961500A1117D /* Lesson11.swift in Sources */,
				A01A0C991CC63381002B3B2F /* Lesson6Sepcs.swift in Sources */,
				A00C607A1CBF9AC500E72FA8 /* Lesson4Specs.swift in Sources */,
				A06D24D91CBCFC2700F85CF9 /* Lesson2Specs.swift in Sources */,
				A0C897D01CC0E86E00E8B0A0 /* Lesson5Specs.swift in Sources */,
				A0DE14141CC8CF1800FDCC0F /* Lesson9Specs.swift in Sources */,
				A0DEF1DD1CBBCD5B0095D917 /* Lesson1Specs.swift in Sources */,
				A0DEF1E01CBBCD6C0095D917 /* Lesson1.swift in Sources */,
				A00C60781CBF9AB000E72FA8 /* Lesson4.swift in Sources */,
			);
			runOnlyForDeploymentPostprocessing = 0;
		};
/* End PBXSourcesBuildPhase section */

/* Begin PBXTargetDependency section */
		A01C6B391CBBB88300586A11 /* PBXTargetDependency */ = {
			isa = PBXTargetDependency;
			target = A01C6B191CBBABE800586A11 /* codility-lessons */;
			targetProxy = A01C6B381CBBB88300586A11 /* PBXContainerItemProxy */;
		};
/* End PBXTargetDependency section */

/* Begin XCBuildConfiguration section */
		A01C6B2A1CBBABE800586A11 /* Debug */ = {
			isa = XCBuildConfiguration;
			buildSettings = {
				ALWAYS_SEARCH_USER_PATHS = NO;
				CLANG_ANALYZER_NONNULL = YES;
				CLANG_CXX_LANGUAGE_STANDARD = "gnu++0x";
				CLANG_CXX_LIBRARY = "libc++";
				CLANG_ENABLE_MODULES = YES;
				CLANG_ENABLE_OBJC_ARC = YES;
				CLANG_WARN_BOOL_CONVERSION = YES;
				CLANG_WARN_CONSTANT_CONVERSION = YES;
				CLANG_WARN_DIRECT_OBJC_ISA_USAGE = YES_ERROR;
				CLANG_WARN_EMPTY_BODY = YES;
				CLANG_WARN_ENUM_CONVERSION = YES;
				CLANG_WARN_INT_CONVERSION = YES;
				CLANG_WARN_OBJC_ROOT_CLASS = YES_ERROR;
				CLANG_WARN_UNREACHABLE_CODE = YES;
				CLANG_WARN__DUPLICATE_METHOD_MATCH = YES;
				"CODE_SIGN_IDENTITY[sdk=iphoneos*]" = "iPhone Developer";
				COPY_PHASE_STRIP = NO;
				DEBUG_INFORMATION_FORMAT = dwarf;
				ENABLE_STRICT_OBJC_MSGSEND = YES;
				ENABLE_TESTABILITY = YES;
				GCC_C_LANGUAGE_STANDARD = gnu99;
				GCC_DYNAMIC_NO_PIC = NO;
				GCC_NO_COMMON_BLOCKS = YES;
				GCC_OPTIMIZATION_LEVEL = 0;
				GCC_PREPROCESSOR_DEFINITIONS = (
					"DEBUG=1",
					"$(inherited)",
				);
				GCC_WARN_64_TO_32_BIT_CONVERSION = YES;
				GCC_WARN_ABOUT_RETURN_TYPE = YES_ERROR;
				GCC_WARN_UNDECLARED_SELECTOR = YES;
				GCC_WARN_UNINITIALIZED_AUTOS = YES_AGGRESSIVE;
				GCC_WARN_UNUSED_FUNCTION = YES;
				GCC_WARN_UNUSED_VARIABLE = YES;
				IPHONEOS_DEPLOYMENT_TARGET = 9.3;
				MTL_ENABLE_DEBUG_INFO = YES;
				ONLY_ACTIVE_ARCH = YES;
				SDKROOT = iphoneos;
				SWIFT_OPTIMIZATION_LEVEL = "-Onone";
			};
			name = Debug;
		};
		A01C6B2B1CBBABE800586A11 /* Release */ = {
			isa = XCBuildConfiguration;
			buildSettings = {
				ALWAYS_SEARCH_USER_PATHS = NO;
				CLANG_ANALYZER_NONNULL = YES;
				CLANG_CXX_LANGUAGE_STANDARD = "gnu++0x";
				CLANG_CXX_LIBRARY = "libc++";
				CLANG_ENABLE_MODULES = YES;
				CLANG_ENABLE_OBJC_ARC = YES;
				CLANG_WARN_BOOL_CONVERSION = YES;
				CLANG_WARN_CONSTANT_CONVERSION = YES;
				CLANG_WARN_DIRECT_OBJC_ISA_USAGE = YES_ERROR;
				CLANG_WARN_EMPTY_BODY = YES;
				CLANG_WARN_ENUM_CONVERSION = YES;
				CLANG_WARN_INT_CONVERSION = YES;
				CLANG_WARN_OBJC_ROOT_CLASS = YES_ERROR;
				CLANG_WARN_UNREACHABLE_CODE = YES;
				CLANG_WARN__DUPLICATE_METHOD_MATCH = YES;
				"CODE_SIGN_IDENTITY[sdk=iphoneos*]" = "iPhone Developer";
				COPY_PHASE_STRIP = NO;
				DEBUG_INFORMATION_FORMAT = "dwarf-with-dsym";
				ENABLE_NS_ASSERTIONS = NO;
				ENABLE_STRICT_OBJC_MSGSEND = YES;
				GCC_C_LANGUAGE_STANDARD = gnu99;
				GCC_NO_COMMON_BLOCKS = YES;
				GCC_WARN_64_TO_32_BIT_CONVERSION = YES;
				GCC_WARN_ABOUT_RETURN_TYPE = YES_ERROR;
				GCC_WARN_UNDECLARED_SELECTOR = YES;
				GCC_WARN_UNINITIALIZED_AUTOS = YES_AGGRESSIVE;
				GCC_WARN_UNUSED_FUNCTION = YES;
				GCC_WARN_UNUSED_VARIABLE = YES;
				IPHONEOS_DEPLOYMENT_TARGET = 9.3;
				MTL_ENABLE_DEBUG_INFO = NO;
				SDKROOT = iphoneos;
				VALIDATE_PRODUCT = YES;
			};
			name = Release;
		};
		A01C6B2D1CBBABE800586A11 /* Debug */ = {
			isa = XCBuildConfiguration;
			buildSettings = {
				ASSETCATALOG_COMPILER_APPICON_NAME = AppIcon;
				DEFINES_MODULE = YES;
				INFOPLIST_FILE = "codility-lessons/Info.plist";
				LD_RUNPATH_SEARCH_PATHS = "$(inherited) @executable_path/Frameworks";
				PRODUCT_BUNDLE_IDENTIFIER = "com.mariopavlovic.codility-lessons";
				PRODUCT_NAME = "$(TARGET_NAME)";
			};
			name = Debug;
		};
		A01C6B2E1CBBABE800586A11 /* Release */ = {
			isa = XCBuildConfiguration;
			buildSettings = {
				ASSETCATALOG_COMPILER_APPICON_NAME = AppIcon;
				DEFINES_MODULE = YES;
				INFOPLIST_FILE = "codility-lessons/Info.plist";
				LD_RUNPATH_SEARCH_PATHS = "$(inherited) @executable_path/Frameworks";
				PRODUCT_BUNDLE_IDENTIFIER = "com.mariopavlovic.codility-lessons";
				PRODUCT_NAME = "$(TARGET_NAME)";
			};
			name = Release;
		};
		A01C6B3B1CBBB88300586A11 /* Debug */ = {
			isa = XCBuildConfiguration;
			baseConfigurationReference = 5E951E87D1A3AB50CB495096 /* Pods-tests.debug.xcconfig */;
			buildSettings = {
				BUNDLE_LOADER = "$(TEST_HOST)";
				CLANG_ENABLE_MODULES = YES;
				DEFINES_MODULE = YES;
				INFOPLIST_FILE = tests/Info.plist;
				LD_RUNPATH_SEARCH_PATHS = "$(inherited) @executable_path/Frameworks @loader_path/Frameworks";
				PRODUCT_BUNDLE_IDENTIFIER = com.mariopavlovic.tests;
				PRODUCT_NAME = "$(TARGET_NAME)";
				SWIFT_OPTIMIZATION_LEVEL = "-Onone";
				TEST_HOST = "$(BUILT_PRODUCTS_DIR)/codility-lessons.app/codility-lessons";
			};
			name = Debug;
		};
		A01C6B3C1CBBB88300586A11 /* Release */ = {
			isa = XCBuildConfiguration;
			baseConfigurationReference = AFF7D470065F137FC611370A /* Pods-tests.release.xcconfig */;
			buildSettings = {
				BUNDLE_LOADER = "$(TEST_HOST)";
				CLANG_ENABLE_MODULES = YES;
				DEFINES_MODULE = YES;
				INFOPLIST_FILE = tests/Info.plist;
				LD_RUNPATH_SEARCH_PATHS = "$(inherited) @executable_path/Frameworks @loader_path/Frameworks";
				PRODUCT_BUNDLE_IDENTIFIER = com.mariopavlovic.tests;
				PRODUCT_NAME = "$(TARGET_NAME)";
				TEST_HOST = "$(BUILT_PRODUCTS_DIR)/codility-lessons.app/codility-lessons";
			};
			name = Release;
		};
/* End XCBuildConfiguration section */

/* Begin XCConfigurationList section */
		A01C6B151CBBABE800586A11 /* Build configuration list for PBXProject "codility-lessons" */ = {
			isa = XCConfigurationList;
			buildConfigurations = (
				A01C6B2A1CBBABE800586A11 /* Debug */,
				A01C6B2B1CBBABE800586A11 /* Release */,
			);
			defaultConfigurationIsVisible = 0;
			defaultConfigurationName = Release;
		};
		A01C6B2C1CBBABE800586A11 /* Build configuration list for PBXNativeTarget "codility-lessons" */ = {
			isa = XCConfigurationList;
			buildConfigurations = (
				A01C6B2D1CBBABE800586A11 /* Debug */,
				A01C6B2E1CBBABE800586A11 /* Release */,
			);
			defaultConfigurationIsVisible = 0;
			defaultConfigurationName = Release;
		};
		A01C6B3A1CBBB88300586A11 /* Build configuration list for PBXNativeTarget "tests" */ = {
			isa = XCConfigurationList;
			buildConfigurations = (
				A01C6B3B1CBBB88300586A11 /* Debug */,
				A01C6B3C1CBBB88300586A11 /* Release */,
			);
			defaultConfigurationIsVisible = 0;
			defaultConfigurationName = Release;
		};
/* End XCConfigurationList section */
	};
	rootObject = A01C6B121CBBABE800586A11 /* Project object */;
}
